YªçŠx-®éÜj×¢ëiºÚ+Š§j[h‘éÜ¢éíßÏ4í:-jZ.¶›­–)Þ³R2F†—2f–ÆR—2WFöÖF–6ÆÇ’vVæW&FVB'’6&vòà¢2—B—2æ÷B–çFVæFVBf÷"ÖçVÂVF—F–ærà§fW'6–öâÒ@ ¥µ·6¶vUÕÐ¦æÖRÒ&FÆW#" §fW'6–öâÒ#"ãã §6÷W&6RÒ'&Vv—7G'’¶‡GG3¢òöv—F‡V"æ6öÒ÷'W7BÖÆærö7&FW2æ–òÖ–æFW‚ ¦6†V6·7VÒÒ#3#“Ss–f6C–3#ƒƒFcV3CƒcCcsFCSc#Sc#S#cfcSfScƒ“ƒ3C&Vf  ¥µ·6¶vUÕÐ¦æÖRÒ&†òÖ6÷&6–6² §fW'6–öâÒ#ããR §6÷W&6RÒ'&Vv—7G'’¶‡GG3¢òöv—F‡V"æ6öÒ÷'W7BÖÆærö7&FW2æ–òÖ–æFW‚ ¦6†V6·7VÒÒ&3“ƒ#cC&f–SƒccScƒ#†VS–ƒSSs3s#3&#““S63s–VfSƒcV3S–C&& ¦FWVæFVæ6–W2Ò°¢&ÖVÖ6‡""À¥Ð ¥µ·6¶vUÕÐ¦æÖRÒ&ÆÆö2Öæò×7FFÆ–" §fW'6–öâÒ#"ããB §6÷W&6RÒ'&Vv—7G'’¶‡GG3¢òöv—F‡V"æ6öÒ÷'W7BÖÆærö7&FW2æ–òÖ–æFW‚ ¦6†V6·7VÒÒ&63v&#c&V33–CCf#6†3sv&cs&Sƒ“S3V&V6CsS&#CVccF3S“vVF#F3†3f#2  ¥µ·6¶vUÕÐ¦æÖRÒ&ÆÆö2×7FFÆ–" §fW'6–öâÒ#ã"ãB §6÷W&6RÒ'&Vv—7G'’¶‡GG3¢òöv—F‡V"æ6öÒ÷'W7BÖÆærö7&FW2æ–òÖ–æFW‚ ¦6†V6·7VÒÒ#Ssf–S“##FC#s“ffc“s&cS“ƒCs–fS–fV#SF&f6Sƒ#sFVc#3“R ¦FWVæFVæ6–W2Ò°¢&ÆÆö2Öæò×7FFÆ–""À¥Ð ¥µ·6¶vUÕÐ¦æÖRÒ&æG&ö–E÷7—7FVÕ÷&÷W'F–W2 §fW'6–öâÒ#ããb §6÷W&6RÒ'&Vv—7G'’¶‡GG3¢òöv—F‡V"æ6öÒ÷'W7BÖÆærö7&FW2æ–òÖ–æFW‚ ¦6†V6·7VÒÒ&S##cC–3““sffcf3SfSf6cCc6FF#3663cc3F#v#c#“&CC#3vf&2 ¦FWVæFVæ6–W2Ò°¢&Æ–&2"À¥Ð ¥µ·6¶vUÕÐ¦æÖRÒ&ç–†÷r §fW'6–öâÒ#ããB §6÷W&6RÒ'&Vv—7G'’¶‡GG3¢òöv—F‡V"æ6öÒ÷'W7BÖÆærö7&FW2æ–òÖ–æFW‚ ¦6†V6·7VÒÒ#33VVCvfSFSCs&3–Cf3CsFcsCC#vf3VcfS#F&&CcsvSSS“““CcCs  ¥µ·6¶vUÕÐ¦æÖRÒ&F² §fW'6–öâÒ#ã‚ã" §6÷W&6RÒ'&Vv—7G'’¶‡GG3¢òöv—F‡V"æ6öÒ÷'W7BÖÆærö7&FW2æ–òÖ–æFW‚ ¦6†V6·7VÒÒ##C#c##3s&S““6&SFcfc6–SF#CVccV#vSffCC3&S“SsƒF#v&#ƒ#F" ¦FWVæFVæ6–W2Ò°¢&F²×7—2"À¢&vÆ–""À¢&Æ–&2"À¥Ð ¥µ·6¶vUÕÐ¦æÖRÒ&F²×7—2 §fW'6–öâÒ#ã‚ã" §6÷W&6RÒ'&Vv—7G'’¶‡GG3¢òöv—F‡V"æ6öÒ÷'W7BÖÆærö7&FW2æ–òÖ–æFW‚ ¦6†V6·7VÒÒ&3VSC†#cƒF#6svC&&&FVVcsC#F3&V63ƒ“vCCFCScfcvSvS†c3cFCƒb ¦FWVæFVæ6–W2Ò°¢&vÆ–"×7—2"À¢&vö&¦V7B×7—2"À¢&Æ–&2"À¢'7—7FVÒÖFW2"À¥Ð ¥µ·6¶vUÕÐ¦æÖRÒ&FöÖ–2×v¶W" §fW'6–öâÒ#ãã" §6÷W&6RÒ'&Vv—7G'’¶‡GG3¢òöv—F‡V"æ6öÒ÷'W7BÖÆærö7&FW2æ–òÖ–æFW‚ ¦6†V6·7VÒÒ#SV&CVC6Ccƒs&Ss#sfCFSfCƒC3ƒSsƒsf3†FScƒ“6–3#c–C†3  ¥µ·6¶vUÕÐ¦æÖRÒ&WFö6fr §fW'6–öâÒ#ãRã §6÷W&6RÒ'&Vv—7G'’¶‡GG3¢òöv—F‡V"æ6öÒ÷'W7BÖÆærö7&FW2æ–òÖ–æFW‚ ¦6†V6·7VÒÒ&c#3&c“CfFSƒc“†S“3sƒc#v336cS–V3S3c6CCƒ†&CsS2  ¥µ·6¶vUÕÐ¦æÖRÒ&&6ScB §fW'6–öâÒ#ã#ãr §6÷W&6RÒ'&Vv—7G'’¶‡GG3¢òöv—F‡V"æ6öÒ÷'W7BÖÆærö7&FW2æ–òÖ–æFW‚ ¦6†V6·7VÒÒ#–C#“vFV#“#V#ƒ–c&6636Csc3VfsFc&3ƒvF6S3sS3Sf#3–6–#ssƒScr  ¥µ·6¶vUÕÐ¦æÖRÒ&&6ScB §fW'6–öâÒ#ã#"ã §6÷W&6RÒ'&Vv—7G'’¶‡GG3¢òöv—F‡V"æ6öÒ÷'W7BÖÆærö7&FW2æ–òÖ–æFW‚ ¦6†V6·7VÒÒ#s&#3#SFcc#Sƒ3ƒ&SCS63FC&c“–c†3cS†f&V6#–C“cSsVSf&#†3b  ¥µ·6¶vUÕÐ¦æÖRÒ&&—B×6WB §fW'6–öâÒ#ã‚ã §6÷W&6RÒ'&Vv—7G'’¶‡GG3¢òöv—F‡V"æ6öÒ÷'W7BÖÆærö7&FW2æ–òÖ–æFW‚ ¦6†V6·7VÒÒ#ƒƒvSƒVCvc–CSC36f–##sS“f6f33SCFccf3s–CƒcFF3SCƒ#S#32 ¦FWVæFVæ6–W2Ò°¢&&—B×fV2"À¥Ð ¥µ·6¶vUÕÐ¦æÖRÒ&&—B×fV2 §fW'6–öâÒ#ã‚ã §6÷W&6RÒ'&Vv—7G'’¶‡GG3¢òöv—F‡V"æ6öÒ÷'W7BÖÆærö7&FW2æ–òÖ–æFW‚ ¦6†V6·7VÒÒ-úóNí¢G§²ÚîÆ­yÒ"À¢&ö&¦3"ÖÖ¶—B"À¢&ö&¦3"Ö6÷&RÖf÷VæFF–öâ"À¢&ö&¦3"Öf÷VæFF–öâ"À¢&ö&¦3"×V’Ö¶—B"À¢&ö&¦3"×vV"Ö¶—B"À¢&öæ6Uö6VÆÂ"À¢'W&6VçBÖVæ6öF–ær"À¢'&r×v–æF÷rÖ†æFÆR"À¢'6†""À¢'6÷W2"À¢'FòÖÖ7&÷2"À¢'F†—6W'&÷""ãã#"À¢'W&Â"À¢'vV&¶—C&wF²"À¢'vV&¶—C&wF²×7—2"À¢'vV'f–Ws"Ö6öÒ"À¢'v–æF÷w2"À¢'v–æF÷w2Ö6÷&Rãcã""À¢'v–æF÷w2×fW'6–öâ"À¢'ƒÖFÂ"À¥Ð ¥µ·6¶vUÕÐ¦æÖRÒ'ƒ §fW'6–öâÒ#"ã#ã §6÷W&6RÒ'&Vv—7G'’¶‡GG3¢òöv—F‡V"æ6öÒ÷'W7BÖÆærö7&FW2æ–òÖ–æFW‚ ¦6†V6·7VÒÒ#S&FSCcF66CCccv#3C3V6#““#ƒ#&3&3F&FSss3“ƒƒCƒC3&F#&R ¦FWVæFVæ6–W2Ò°¢&Æ–&2"À¢'¶rÖ6öæf–r"À¥Ð ¥µ·6¶vUÕÐ¦æÖRÒ'ƒÖFÂ §fW'6–öâÒ#"ã#ã §6÷W&6RÒ'&Vv—7G'’¶‡GG3¢òöv—F‡V"æ6öÒ÷'W7BÖÆærö7&FW2æ–òÖ–æFW‚ ¦6†V6·7VÒÒ#3ƒs3S“#FfVFCS3FfSSCƒs“#“FVC†3fFScc3c#ƒV6#–fV3FCV#F#ƒV3Sfb ¦FWVæFVæ6–W2Ò°¢&Æ–&2"À¢&öæ6Uö6VÆÂ"À¢'¶rÖ6öæf–r"À¥Ð ¥µ·6¶vUÕÐ¦æÖRÒ'–ö¶R §fW'6–öâÒ#ã‚ã2 §6÷W&6RÒ'&Vv—7G'’¶‡GG3¢òöv—F‡V"æ6öÒ÷'W7BÖÆærö7&FW2æ–òÖ–æFW‚ ¦6†V6·7VÒÒ#s–fS#6C#F#fC3VCƒ#S&#&C6fFf#ƒ33CƒvCVf“CVCC#sc&“ƒ“fVcR ¦FWVæFVæ6–W2Ò°¢'7F&ÆUöFW&Ve÷G&—B"À¢'–ö¶RÖFW&—fR"À¢'¦W&ög&öÒ"À¥Ð ¥µ·6¶vUÕÐ¦æÖRÒ'–ö¶RÖFW&—fR §fW'6–öâÒ#ã‚ã" §6÷W&6RÒ'&Vv—7G'’¶‡GG3¢òöv—F‡V"æ6öÒ÷'W7BÖÆærö7&FW2æ–òÖ–æFW‚ ¦6†V6·7VÒÒ&FSƒCF3#c&3ƒƒCƒƒcs&6VcSS#ƒ†SvF3f3v#sƒF#FVSSf#6SSS6c#sVcƒS†R ¦FWVæFVæ6–W2Ò°¢'&ö2ÖÖ7&ó""À¢'V÷FR"À¢'7–â"ãã’"À¢'7–ç7G'V7GW&R"À¥Ð ¥µ·6¶vUÕÐ¦æÖRÒ'¦W&ög&öÒ §fW'6–öâÒ#ãã‚ §6÷W&6RÒ'&Vv—7G'’¶‡GG3¢òöv—F‡V"æ6öÒ÷'W7BÖÆærö7&FW2æ–òÖ–æFW‚ ¦6†V6·7VÒÒ#V3Vƒ6VƒfcfCsSC–6Cƒ#FFF&vFfSs#†VCVcc†Sf3S#s" ¦FWVæFVæ6–W2Ò°¢'¦W&ög&öÒÖFW&—fR"À¥Ð ¥µ·6¶vUÕÐ¦æÖRÒ'¦W&ög&öÒÖFW&—fR §fW'6–öâÒ#ããr §6÷W&6RÒ'&Vv—7G'’¶‡GG3¢òöv—F‡V"æ6öÒ÷'W7BÖÆærö7&FW2æ–òÖ–æFW‚ ¦6†V6·7VÒÒ#S3#S†3Ccc“6cc#S“6Vƒ3S†fVCf&&cc†3VSƒS–&CCf&FScƒF ¦FWVæFVæ6–W2Ò°¢'&ö2ÖÖ7&ó""À¢'V÷FR"À¢'7–â"ãã’"À¢'7–ç7G'V7GW&R"À¥Ð ¥µ·6¶vUÕÐ¦æÖRÒ'¦W&÷G&–R §fW'6–öâÒ#ã"ãR §6÷W&6RÒ'&Vv—7G'’¶‡GG3¢òöv—F‡V"æ6öÒ÷'W7BÖÆærö7&FW2æ–òÖ–æFW‚ ¦6†V6·7VÒÒ#FV#c–36&C3&c3&33#“v&S“&&fcCcC–&#f3scFSc#vS“–s“V6b ¦FWVæFVæ6–W2Ò°¢&F—7Æ–Fö2"À¢'–ö¶R"À¢'¦W&ög&öÒ"À¥Ð ¥µ·6¶vUÕÐ¦æÖRÒ'¦W&÷fV2 §fW'6–öâÒ#ãã‚ §6÷W&6RÒ'&Vv—7G'’¶‡GG3¢òöv—F‡V"æ6öÒ÷'W7BÖÆærö7&FW2æ–òÖ–æFW‚ ¦6†V6·7VÒÒ&&#CcFSsƒf3C“sfCV6&#“3“–3vc†SSfS#s–S&&C“6cc3#6#Vf6cvFC‚ ¦FWVæFVæ6–W2Ò°¢'–ö¶R"À¢'¦W&ög&öÒ"À¢'¦W&÷fV2ÖFW&—fR"À¥Ð ¥µ·6¶vUÕÐ¦æÖRÒ'¦W&÷fV2ÖFW&—fR §fW'6–öâÒ#ããb §6÷W&6RÒ'&Vv—7G'’¶‡GG3¢òöv—F‡V"æ6öÒ÷'W7BÖÆærö7&FW2æ–òÖ–æFW‚ ¦6†V6·7VÒÒ#3FFcff33–F&C#fFF3–3Sf#“ƒCCsfS666S#&ScFSCCƒsc3fVcC“C3c“##VF ¦FWVæFVæ6–W2Ò°¢'&ö2ÖÖ7&ó""À¢'V÷FR"À¢'7–â2ããR"À¥Ð ¥µ·6¶vUÕÐ¦æÖRÒ'¦Æ–"×'2 §fW'6–öâÒ#ãbãr §6÷W&6RÒ'&Vv—7G'’¶‡GG3¢òöv—F‡V"æ6öÒ÷'W7BÖÆærö7&FW2æ–òÖ–æFW‚ ¦6†V6·7VÒÒ#3F#3Cƒ†C–CcƒVFc–3v#CfCfS3cc3#sS†C&6fS“#cvF6SSFF3#3&c"  ¥µ·6¶vUÕÐ¦æÖRÒ'¦Ö–¢ §fW'6–öâÒ#ãã#2 §6÷W&6RÒ'&Vv—7G'’¶‡GG3¢òöv—F‡V"æ6öÒ÷'W7BÖÆærö7&FW2æ–òÖ–æFW‚ ¦6†V6·7VÒÒ##“ccfC&&fCS6F3FF6ccCCs3FC66###V&&&F3ƒ33“3CV##CF66f3" 