YªçŠx-®éÜj×¢ëiºÚ+Š§j[h‘éÜ¢éíãNµå:-jZ.¶›­–)Þ³W°¢&æÖR#¢&6ÆVæF"×7GVF–ò"À¢'fW'6–öâ#¢#ã’ã‚"À¢&Æö6¶f–ÆUfW'6–öâ#¢2À¢'&WV—&W2#¢G'VRÀ¢'6¶vW2#¢°¢"#¢°¢&æÖR#¢&6ÆVæF"×7GVF–ò"À¢'fW'6–öâ#¢#ã’ã‚"À¢&FWVæFVæ6–W2#¢°¢$föçG6÷W&6R×f&–&ÆRö–çFW"#¢%ãRã2ã"À¢$FW&’Ö2ö’#¢%ã"ã‚ã"À¢$FW&’Ö2÷ÇVv–âÖF–Æör#¢%ã"ãBã"À¢'&V7B#¢%ã’ãã"À¢'&V7BÖFöÒ#¢%ã’ãã ¢ÒÀ¢&FWdFWVæFVæ6–W2#¢°¢$W6Æ–çBö§2#¢%ã’ã3Bã"À¢$FW&’Ö2ö6Æ’#¢%ã"ã‚ãB"À¢$G—W2÷&V7B#¢%ã’ãã"À¢$G—W2÷&V7BÖFöÒ#¢%ã’ããr"À¢$f—FV§2÷ÇVv–â×&V7B#¢%ãRãã""À¢&W6Æ–çB#¢%ã’ã3Bã"À¢&W6Æ–çB×ÇVv–â×&V7BÖ†öö·2#¢%ãRã"ã"À¢&W6Æ–çB×ÇVv–â×&V7B×&Vg&W6‚#¢%ããBã#"À¢&vÆö&Ç2#¢%ãbã2ã"À¢'G—W67&—B#¢'ãRã‚ã2"À¢'G—W67&—BÖW6Æ–çB#¢%ã‚ãCã"À¢'f—FR#¢%ãrããB ¢Ð¢ÒÀ¢&æöFUöÖöGVÆW2ô&&VÂö6öFRÖg&ÖR#¢°¢'fW'6–öâ#¢#rã#’ãr"À¢'&W6öÇfVB#¢&‡GG3¢ò÷&Vv—7G'’æçÖ§2æ÷&rô&&VÂö6öFRÖg&ÖRòÒö6öFRÖg&ÖRÓrã#’ãrçFw¢"À¢&–çFVw&—G’#¢'6†S"ÔWvTög$Vs%$ôô¤ãd—sVc”DÔ&Ç§SÔ–¶ÒöÖÄÅdâõ•tóC‡t6£·†74T„§edfsw6•"·$–çu†C'…·sÓÒ"À¢&FWb#¢G'VRÀ¢&Æ–6Vç6R#¢$Ô•B"À¢&FWVæFVæ6–W2#¢°¢$&&VÂö†VÇW"×fÆ–FF÷"Ö–FVçF–f–W"#¢%ãrã#’ãr"À¢&§2×Fö¶Vç2#¢%ãBãã"À¢'–6ö6öÆ÷'2#¢%ããã ¢ÒÀ¢&Væv–æW2#¢°¢&æöFR#¢#ãÓbã’ã ¢Ð¢ÒÀ¢&æöFUöÖöGVÆW2ô&&VÂö6ö×BÖFF#¢°¢'fW'6–öâ#¢#rã#’ãr"À¢'&W6öÇfVB#¢&‡GG3¢ò÷&Vv—7G'’æçÖ§2æ÷&rô&&VÂö6ö×BÖFFòÒö6ö×BÖFFÓrã#’ãrçFw¢"À¢&–çFVw&—G’#¢'6†S"ÖÆö5Fµ”·gt”Vt'¥g&ãƒc“6V&3“tc%S…¤†¦%‡tE„£Tfã%D7çuFÄ¶6´Æ¶D†÷V2ö–4ôdSwCu”¤3V†ä´ædvsÓÒ"À¢&FWb#¢G'VRÀ¢&Æ–6Vç6R#¢$Ô•B"À¢&Væv–æW2#¢°¢&æöFR#¢#ãÓbã’ã ¢Ð¢ÒÀ¢&æöFUöÖöGVÆW2ô&&VÂö6÷&R#¢°¢'fW'6–öâ#¢#rã#’ãr"À¢'&W6öÇfVB#¢&‡GG3¢ò÷&Vv—7G'’æçÖ§2æ÷&rô&&VÂö6÷&RòÒö6÷&RÓrã#’ãrçFw¢"À¢&–çFVw&—G’#¢'6†S"Õ&t„$7gF¦$ô³&u…4ä$ä–´æôV3—õdWFS6†£†tWµTÃ4…¤–$¶%tdT“4ÆfÓdU”¶´ÆÄöƒ†U7&£–"¶6ƒ”‚õd$ÓÒ"À¢&FWb#¢G'VRÀ¢&Æ–6Vç6R#¢$Ô•B"À¢&FWVæFVæ6–W2#¢°¢$&&VÂö6öFRÖg&ÖR#¢%ãrã#’ãr"À¢$&&VÂövVæW&F÷"#¢%ãrã#’ãr"À¢$&&VÂö†VÇW"Ö6ö×–ÆF–öâ×F&vWG2#¢%ãrã#’ãr"À¢$&&VÂö†VÇW"ÖÖöGVÆR×G&ç6f÷&×2#¢%ãrã#’ãr"À¢$&&VÂö†VÇW'2#¢%ãrã#’ãr"À¢$&&VÂ÷'6W"#¢%ãrã#’ãr"À¢$&&VÂ÷FV×ÆFR#¢%ãrã#’ãr"À¢$&&VÂ÷G&fW'6R#¢%ãrã#’ãr"À¢$&&VÂ÷G—W2#¢%ãrã#’ãr"À¢$§&–FvWvVÆÂ÷&VÖ–ær#¢%ã"ã2ãR"À¢&6öçfW'B×6÷W&6RÖÖ#¢%ã"ãã"À¢&FV'Vr#¢%ãBãã"À¢&vVç7–æ2#¢%ãããÖ&WFã""À¢&§6öãR#¢%ã"ã"ã2"À¢'6V×fW"#¢%ãbã2ã ¢ÒÀ¢&Væv–æW2#¢°¢&æöFR#¢#ãÓbã’ã ¢ÒÀ¢&gVæF–ær#¢°¢'G—R#¢&÷Væ6öÆÆV7F—fR"À¢'W&Â#¢&‡GG3¢òö÷Væ6öÆÆV7F—fRæ6öÒö&&VÂ ¢Ð¢ÒÀ¢&æöFUöÖöGVÆW2ô&&VÂövVæW&F÷"#¢°¢'fW'6–öâ#¢#rã#’ã‚"À¢'&W6öÇfVB#¢&‡GG3¢ò÷&Vv—7G'’æçÖ§2æ÷&rô&&VÂöv]üë^m¢G§²ÚîÆ­yÒãRãb"À¢'&öÆÇW#¢%ãBãC2ã"À¢'F–ç–vÆö&'’#¢%ãã"ãR ¢ÒÀ¢&&–â#¢°¢'f—FR#¢&&–â÷f—FRæ§2 ¢ÒÀ¢&Væv–æW2#¢°¢&æöFR#¢%ã#ã’ãÇÂãÓ#"ã"ã ¢ÒÀ¢&gVæF–ær#¢°¢'W&Â#¢&‡GG3¢òöv—F‡V"æ6öÒ÷f—FV§2÷f—FS÷7öç6÷#Ó ¢ÒÀ¢&÷F–öæÄFWVæFVæ6–W2#¢°¢&g6WfVçG2#¢'ã"ã2ã2 ¢ÒÀ¢'VW$FWVæFVæ6–W2#¢°¢$G—W2öæöFR#¢%ã#ã’ãÇÂãÓ#"ã"ã"À¢&¦—F’#¢#ãÓã#ã"À¢&ÆW72#¢%ãBãã"À¢&Æ–v‡Fæ–æv772#¢%ãã#ã"À¢'672#¢%ããsã"À¢'672ÖVÖ&VFFVB#¢%ããsã"À¢'7G–ÇW2#¢#ãÓãSBã‚"À¢'7Vv'72#¢%ãRãã"À¢'FW'6W"#¢%ãRãbã"À¢'G7‚#¢%ãBã‚ã"À¢'–ÖÂ#¢%ã"ãBã" ¢ÒÀ¢'VW$FWVæFVæ6–W4ÖWF#¢°¢$G—W2öæöFR#¢°¢&÷F–öæÂ#¢G'VP¢ÒÀ¢&¦—F’#¢°¢&÷F–öæÂ#¢G'VP¢ÒÀ¢&ÆW72#¢°¢&÷F–öæÂ#¢G'VP¢ÒÀ¢&Æ–v‡Fæ–æv772#¢°¢&÷F–öæÂ#¢G'VP¢ÒÀ¢'672#¢°¢&÷F–öæÂ#¢G'VP¢ÒÀ¢'672ÖVÖ&VFFVB#¢°¢&÷F–öæÂ#¢G'VP¢ÒÀ¢'7G–ÇW2#¢°¢&÷F–öæÂ#¢G'VP¢ÒÀ¢'7Vv'72#¢°¢&÷F–öæÂ#¢G'VP¢ÒÀ¢'FW'6W"#¢°¢&÷F–öæÂ#¢G'VP¢ÒÀ¢'G7‚#¢°¢&÷F–öæÂ#¢G'VP¢ÒÀ¢'–ÖÂ#¢°¢&÷F–öæÂ#¢G'VP¢Ð¢Ð¢ÒÀ¢&æöFUöÖöGVÆW2÷v†–6‚#¢°¢'fW'6–öâ#¢#"ãã""À¢'&W6öÇfVB#¢&‡GG3¢ò÷&Vv—7G'’æçÖ§2æ÷&r÷v†–6‚òÒ÷v†–6‚Ó"ãã"çFw¢"À¢&–çFVw&—G’#¢'6†S"Ô$Ä“5FÃEs5fÃsÃ7—5“cF’¶wu‡4t%•v¶·×Fæ%†w$ÔB·–£w&…s·TTG‡¤¦•„v¤UsVöv´äÔT´äÖ¦–$ÓÒ"À¢&FWb#¢G'VRÀ¢&Æ–6Vç6R#¢$•42"À¢&FWVæFVæ6–W2#¢°¢&—6W†R#¢%ã"ãã ¢ÒÀ¢&&–â#¢°¢&æöFR×v†–6‚#¢&&–âöæöFR×v†–6‚ ¢ÒÀ¢&Væv–æW2#¢°¢&æöFR#¢#ãÒ‚ ¢Ð¢ÒÀ¢&æöFUöÖöGVÆW2÷v÷&B×w&#¢°¢'fW'6–öâ#¢#ã"ãR"À¢'&W6öÇfVB#¢&‡GG3¢ò÷&Vv—7G'’æçÖ§2æ÷&r÷v÷&B×w&òÒ÷v÷&B×w&Óã"ãRçFw¢"À¢&–çFVw&—G’#¢'6†S"Ô$ã#$#VVÔÔ“•T×F§$vCVsVT5•5EW“d¥†%—6CW¥—†¤dö6µ3S55DS7vµfõw……f#4'%–4TãEGvST#V4ÓÒ"À¢&FWb#¢G'VRÀ¢&Æ–6Vç6R#¢$Ô•B"À¢&Væv–æW2#¢°¢&æöFR#¢#ãÓãã ¢Ð¢ÒÀ¢&æöFUöÖöGVÆW2÷–ÆÆ—7B#¢°¢'fW'6–öâ#¢#2ãã"À¢'&W6öÇfVB#¢&‡GG3¢ò÷&Vv—7G'’æçÖ§2æ÷&r÷–ÆÆ—7BòÒ÷–ÆÆ—7BÓ2ããçFw¢"À¢&–çFVw&—G’#¢'6†S"ÖETuuƒS–Ôõ…U–äs&Wvæ53F“DcC5Gc4¦ôÒ·3%dDÕ3”ç4³„wDÔÇ$4…·4eCvƒ4³eDöõTæã'#u&õ‡ƒFsÓÒ"À¢&FWb#¢G'VRÀ¢&Æ–6Vç6R#¢$•42 ¢ÒÀ¢&æöFUöÖöGVÆW2÷–ö7Fò×VWVR#¢°¢'fW'6–öâ#¢#ãã"À¢'&W6öÇfVB#¢&‡GG3¢ò÷&Vv—7G'’æçÖ§2æ÷&r÷–ö7Fò×VWVRòÒ÷–ö7Fò×VWVRÓããçFw¢"À¢&–çFVw&—G’#¢'6†S"×%f·7g6ää6D¢öö„v3g†uw”ã†V†T7‡6”ÄÓ†×‡TR÷BöÔõg¦WuTóÖ”ÇD…•&uD´4ÆW„ÃDÖTefwG3t†Ôå£%ÓÒ"À¢&FWb#¢G'VRÀ¢&Æ–6Vç6R#¢$Ô•B"À¢&Væv–æW2#¢°¢&æöFR#¢#ãÓ ¢ÒÀ¢&gVæF–ær#¢°¢'W&Â#¢&‡GG3¢òöv—F‡V"æ6öÒ÷7öç6÷'2÷6–æG&W6÷&‡W2 ¢Ð¢Ð¢Ð§Ð